// !$*UTF8*$!
{
	archiveVersion = 1;
	classes = {
	};
	objectVersion = 56;
	objects = {

/* Begin PBXBuildFile section */
		784798502BF0BA0600217F64 /* AppDelegate.swift in Sources */ = {isa = PBXBuildFile; fileRef = 7847984F2BF0BA0600217F64 /* AppDelegate.swift */; };
		784798522BF0BA0600217F64 /* SceneDelegate.swift in Sources */ = {isa = PBXBuildFile; fileRef = 784798512BF0BA0600217F64 /* SceneDelegate.swift */; };
		784798572BF0BA0600217F64 /* Main.storyboard in Resources */ = {isa = PBXBuildFile; fileRef = 784798552BF0BA0600217F64 /* Main.storyboard */; };
		784798592BF0BA0800217F64 /* Assets.xcassets in Resources */ = {isa = PBXBuildFile; fileRef = 784798582BF0BA0800217F64 /* Assets.xcassets */; };
		7847985C2BF0BA0800217F64 /* LaunchScreen.storyboard in Resources */ = {isa = PBXBuildFile; fileRef = 7847985A2BF0BA0800217F64 /* LaunchScreen.storyboard */; };
		784798672BF0BA0800217F64 /* swipe_project_appTests.swift in Sources */ = {isa = PBXBuildFile; fileRef = 784798662BF0BA0800217F64 /* swipe_project_appTests.swift */; };
		784798712BF0BA0800217F64 /* swipe_project_appUITests.swift in Sources */ = {isa = PBXBuildFile; fileRef = 784798702BF0BA0800217F64 /* swipe_project_appUITests.swift */; };
		784798732BF0BA0800217F64 /* swipe_project_appUITestsLaunchTests.swift in Sources */ = {isa = PBXBuildFile; fileRef = 784798722BF0BA0800217F64 /* swipe_project_appUITestsLaunchTests.swift */; };
		784798802BF0BA7100217F64 /* ProductDisplayViewController.swift in Sources */ = {isa = PBXBuildFile; fileRef = 7847987F2BF0BA7100217F64 /* ProductDisplayViewController.swift */; };
		784798832BF0BABE00217F64 /* ProductDisplayTableViewExtension.swift in Sources */ = {isa = PBXBuildFile; fileRef = 784798822BF0BABE00217F64 /* ProductDisplayTableViewExtension.swift */; };
		784798852BF0BAF600217F64 /* ProductDisplaySearchExtension.swift in Sources */ = {isa = PBXBuildFile; fileRef = 784798842BF0BAF600217F64 /* ProductDisplaySearchExtension.swift */; };
		784798882BF0BB4200217F64 /* ProductDetailsTableViewCell.swift in Sources */ = {isa = PBXBuildFile; fileRef = 784798872BF0BB4200217F64 /* ProductDetailsTableViewCell.swift */; };
		7847988B2BF0BB9700217F64 /* AddProductViewController.swift in Sources */ = {isa = PBXBuildFile; fileRef = 7847988A2BF0BB9700217F64 /* AddProductViewController.swift */; };
		7847988E2BF0BC0000217F64 /* ProductDisplayResponseModel.swift in Sources */ = {isa = PBXBuildFile; fileRef = 7847988D2BF0BC0000217F64 /* ProductDisplayResponseModel.swift */; };
		940337A9FB47DA86D8BD1221 /* Pods_swipe_project_app_swipe_project_appUITests.framework in Frameworks */ = {isa = PBXBuildFile; fileRef = 2C6BF241573C0A737DF1CC12 /* Pods_swipe_project_app_swipe_project_appUITests.framework */; };
		DB3DAD9D4F1CCF40D96EDABE /* Pods_swipe_project_app.framework in Frameworks */ = {isa = PBXBuildFile; fileRef = 8B36B0DAFF18E3C687CADC6C /* Pods_swipe_project_app.framework */; };
		E8BFC83EA4EB97F44CC3C693 /* Pods_swipe_project_appTests.framework in Frameworks */ = {isa = PBXBuildFile; fileRef = 99B5629709B018905BF8B6E1 /* Pods_swipe_project_appTests.framework */; };
/* End PBXBuildFile section */

/* Begin PBXContainerItemProxy section */
		784798632BF0BA0800217F64 /* PBXContainerItemProxy */ = {
			isa = PBXContainerItemProxy;
			containerPortal = 784798442BF0BA0600217F64 /* Project object */;
			proxyType = 1;
			remoteGlobalIDString = 7847984B2BF0BA0600217F64;
			remoteInfo = swipe_project_app;
		};
		7847986D2BF0BA0800217F64 /* PBXContainerItemProxy */ = {
			isa = PBXContainerItemProxy;
			containerPortal = 784798442BF0BA0600217F64 /* Project object */;
			proxyType = 1;
			remoteGlobalIDString = 7847984B2BF0BA0600217F64;
			remoteInfo = swipe_project_app;
		};
/* End PBXContainerItemProxy section */

/* Begin PBXFileReference section */
		0025BE52E2B622AB76D7C696 /* Pods-swipe_project_appTests.release.xcconfig */ = {isa = PBXFileReference; includeInIndex = 1; lastKnownFileType = text.xcconfig; name = "Pods-swipe_project_appTests.release.xcconfig"; path = "Target Support Files/Pods-swipe_project_appTests/Pods-swipe_project_appTests.release.xcconfig"; sourceTree = "<group>"; };
		11A34682C5A01AADB7EFCBBD /* Pods-swipe_project_app-swipe_project_appUITests.debug.xcconfig */ = {isa = PBXFileReference; includeInIndex = 1; lastKnownFileType = text.xcconfig; name = "Pods-swipe_project_app-swipe_project_appUITests.debug.xcconfig"; path = "Target Support Files/Pods-swipe_project_app-swipe_project_appUITests/Pods-swipe_project_app-swipe_project_appUITests.debug.xcconfig"; sourceTree = "<group>"; };
		21F4AF1CFE6BBEA4270B4AD1 /* Pods-swipe_project_app.debug.xcconfig */ = {isa = PBXFileReference; includeInIndex = 1; lastKnownFileType = text.xcconfig; name = "Pods-swipe_project_app.debug.xcconfig"; path = "Target Support Files/Pods-swipe_project_app/Pods-swipe_project_app.debug.xcconfig"; sourceTree = "<group>"; };
		2C6BF241573C0A737DF1CC12 /* Pods_swipe_project_app_swipe_project_appUITests.framework */ = {isa = PBXFileReference; explicitFileType = wrapper.framework; includeInIndex = 0; path = Pods_swipe_project_app_swipe_project_appUITests.framework; sourceTree = BUILT_PRODUCTS_DIR; };
		2F3AB4E10E1AA718825A4499 /* Pods-swipe_project_appTests.debug.xcconfig */ = {isa = PBXFileReference; includeInIndex = 1; lastKnownFileType = text.xcconfig; name = "Pods-swipe_project_appTests.debug.xcconfig"; path = "Target Support Files/Pods-swipe_project_appTests/Pods-swipe_project_appTests.debug.xcconfig"; sourceTree = "<group>"; };
		3779892B04F21BB53E4CF739 /* Pods-swipe_project_app.release.xcconfig */ = {isa = PBXFileReference; includeInIndex = 1; lastKnownFileType = text.xcconfig; name = "Pods-swipe_project_app.release.xcconfig"; path = "Target Support Files/Pods-swipe_project_app/Pods-swipe_project_app.release.xcconfig"; sourceTree = "<group>"; };
		7847984C2BF0BA0600217F64 /* swipe_project_app.app */ = {isa = PBXFileReference; explicitFileType = wrapper.application; includeInIndex = 0; path = swipe_project_app.app; sourceTree = BUILT_PRODUCTS_DIR; };
		7847984F2BF0BA0600217F64 /* AppDelegate.swift */ = {isa = PBXFileReference; lastKnownFileType = sourcecode.swift; path = AppDelegate.swift; sourceTree = "<group>"; };
		784798512BF0BA0600217F64 /* SceneDelegate.swift */ = {isa = PBXFileReference; lastKnownFileType = sourcecode.swift; path = SceneDelegate.swift; sourceTree = "<group>"; };
		784798562BF0BA0600217F64 /* Base */ = {isa = PBXFileReference; lastKnownFileType = file.storyboard; name = Base; path = Base.lproj/Main.storyboard; sourceTree = "<group>"; };
		784798582BF0BA0800217F64 /* Assets.xcassets */ = {isa = PBXFileReference; lastKnownFileType = folder.assetcatalog; path = Assets.xcassets; sourceTree = "<group>"; };
		7847985B2BF0BA0800217F64 /* Base */ = {isa = PBXFileReference; lastKnownFileType = file.storyboard; name = Base; path = Base.lproj/LaunchScreen.storyboard; sourceTree = "<group>"; };
		7847985D2BF0BA0800217F64 /* Info.plist */ = {isa = PBXFileReference; lastKnownFileType = text.plist.xml; path = Info.plist; sourceTree = "<group>"; };
		784798622BF0BA0800217F64 /* swipe_project_appTests.xctest */ = {isa = PBXFileReference; explicitFileType = wrapper.cfbundle; includeInIndex = 0; path = swipe_project_appTests.xctest; sourceTree = BUILT_PRODUCTS_DIR; };
		784798662BF0BA0800217F64 /* swipe_project_appTests.swift */ = {isa = PBXFileReference; lastKnownFileType = sourcecode.swift; path = swipe_project_appTests.swift; sourceTree = "<group>"; };
		7847986C2BF0BA0800217F64 /* swipe_project_appUITests.xctest */ = {isa = PBXFileReference; explicitFileType = wrapper.cfbundle; includeInIndex = 0; path = swipe_project_appUITests.xctest; sourceTree = BUILT_PRODUCTS_DIR; };
		784798702BF0BA0800217F64 /* swipe_project_appUITests.swift */ = {isa = PBXFileReference; lastKnownFileType = sourcecode.swift; path = swipe_project_appUITests.swift; sourceTree = "<group>"; };
		784798722BF0BA0800217F64 /* swipe_project_appUITestsLaunchTests.swift */ = {isa = PBXFileReference; lastKnownFileType = sourcecode.swift; path = swipe_project_appUITestsLaunchTests.swift; sourceTree = "<group>"; };
		7847987F2BF0BA7100217F64 /* ProductDisplayViewController.swift */ = {isa = PBXFileReference; lastKnownFileType = sourcecode.swift; path = ProductDisplayViewController.swift; sourceTree = "<group>"; };
		784798822BF0BABE00217F64 /* ProductDisplayTableViewExtension.swift */ = {isa = PBXFileReference; lastKnownFileType = sourcecode.swift; path = ProductDisplayTableViewExtension.swift; sourceTree = "<group>"; };
		784798842BF0BAF600217F64 /* ProductDisplaySearchExtension.swift */ = {isa = PBXFileReference; lastKnownFileType = sourcecode.swift; path = ProductDisplaySearchExtension.swift; sourceTree = "<group>"; };
		784798872BF0BB4200217F64 /* ProductDetailsTableViewCell.swift */ = {isa = PBXFileReference; lastKnownFileType = sourcecode.swift; path = ProductDetailsTableViewCell.swift; sourceTree = "<group>"; };
		7847988A2BF0BB9700217F64 /* AddProductViewController.swift */ = {isa = PBXFileReference; lastKnownFileType = sourcecode.swift; path = AddProductViewController.swift; sourceTree = "<group>"; };
		7847988D2BF0BC0000217F64 /* ProductDisplayResponseModel.swift */ = {isa = PBXFileReference; lastKnownFileType = sourcecode.swift; path = ProductDisplayResponseModel.swift; sourceTree = "<group>"; };
		8B36B0DAFF18E3C687CADC6C /* Pods_swipe_project_app.framework */ = {isa = PBXFileReference; explicitFileType = wrapper.framework; includeInIndex = 0; path = Pods_swipe_project_app.framework; sourceTree = BUILT_PRODUCTS_DIR; };
		99B5629709B018905BF8B6E1 /* Pods_swipe_project_appTests.framework */ = {isa = PBXFileReference; explicitFileType = wrapper.framework; includeInIndex = 0; path = Pods_swipe_project_appTests.framework; sourceTree = BUILT_PRODUCTS_DIR; };
		F48C46EB561656B919D1A4B5 /* Pods-swipe_project_app-swipe_project_appUITests.release.xcconfig */ = {isa = PBXFileReference; includeInIndex = 1; lastKnownFileType = text.xcconfig; name = "Pods-swipe_project_app-swipe_project_appUITests.release.xcconfig"; path = "Target Support Files/Pods-swipe_project_app-swipe_project_appUITests/Pods-swipe_project_app-swipe_project_appUITests.release.xcconfig"; sourceTree = "<group>"; };
/* End PBXFileReference section */

/* Begin PBXFrameworksBuildPhase section */
		784798492BF0BA0600217F64 /* Frameworks */ = {
			isa = PBXFrameworksBuildPhase;
			buildActionMask = 2147483647;
			files = (
				DB3DAD9D4F1CCF40D96EDABE /* Pods_swipe_project_app.framework in Frameworks */,
			);
			runOnlyForDeploymentPostprocessing = 0;
		};
		7847985F2BF0BA0800217F64 /* Frameworks */ = {
			isa = PBXFrameworksBuildPhase;
			buildActionMask = 2147483647;
			files = (
				E8BFC83EA4EB97F44CC3C693 /* Pods_swipe_project_appTests.framework in Frameworks */,
			);
			runOnlyForDeploymentPostprocessing = 0;
		};
		784798692BF0BA0800217F64 /* Frameworks */ = {
			isa = PBXFrameworksBuildPhase;
			buildActionMask = 2147483647;
			files = (
				940337A9FB47DA86D8BD1221 /* Pods_swipe_project_app_swipe_project_appUITests.framework in Frameworks */,
			);
			runOnlyForDeploymentPostprocessing = 0;
		};
/* End PBXFrameworksBuildPhase section */

/* Begin PBXGroup section */
		784798432BF0BA0600217F64 = {
			isa = PBXGroup;
			children = (
				7847984E2BF0BA0600217F64 /* swipe_project_app */,
				784798652BF0BA0800217F64 /* swipe_project_appTests */,
				7847986F2BF0BA0800217F64 /* swipe_project_appUITests */,
				7847984D2BF0BA0600217F64 /* Products */,
				A642BC278D1A21D0E6E5050D /* Pods */,
				CA66F1ACF7B5081896B7C3C5 /* Frameworks */,
			);
			sourceTree = "<group>";
		};
		7847984D2BF0BA0600217F64 /* Products */ = {
			isa = PBXGroup;
			children = (
				7847984C2BF0BA0600217F64 /* swipe_project_app.app */,
				784798622BF0BA0800217F64 /* swipe_project_appTests.xctest */,
				7847986C2BF0BA0800217F64 /* swipe_project_appUITests.xctest */,
			);
			name = Products;
			sourceTree = "<group>";
		};
		7847984E2BF0BA0600217F64 /* swipe_project_app */ = {
			isa = PBXGroup;
			children = (
				7847988C2BF0BBE200217F64 /* ApiResponseModel */,
				784798892BF0BB7C00217F64 /* AddProduct */,
				784798812BF0BA8D00217F64 /* ProductDisplay */,
				7847984F2BF0BA0600217F64 /* AppDelegate.swift */,
				784798512BF0BA0600217F64 /* SceneDelegate.swift */,
				784798552BF0BA0600217F64 /* Main.storyboard */,
				784798582BF0BA0800217F64 /* Assets.xcassets */,
				7847985A2BF0BA0800217F64 /* LaunchScreen.storyboard */,
				7847985D2BF0BA0800217F64 /* Info.plist */,
			);
			path = swipe_project_app;
			sourceTree = "<group>";
		};
		784798652BF0BA0800217F64 /* swipe_project_appTests */ = {
			isa = PBXGroup;
			children = (
				784798662BF0BA0800217F64 /* swipe_project_appTests.swift */,
			);
			path = swipe_project_appTests;
			sourceTree = "<group>";
		};
		7847986F2BF0BA0800217F64 /* swipe_project_appUITests */ = {
			isa = PBXGroup;
			children = (
				784798702BF0BA0800217F64 /* swipe_project_appUITests.swift */,
				784798722BF0BA0800217F64 /* swipe_project_appUITestsLaunchTests.swift */,
			);
			path = swipe_project_appUITests;
			sourceTree = "<group>";
		};
		784798812BF0BA8D00217F64 /* ProductDisplay */ = {
			isa = PBXGroup;
			children = (
				784798862BF0BB1800217F64 /* Cells */,
				7847987F2BF0BA7100217F64 /* ProductDisplayViewController.swift */,
				784798822BF0BABE00217F64 /* ProductDisplayTableViewExtension.swift */,
				784798842BF0BAF600217F64 /* ProductDisplaySearchExtension.swift */,
			);
			path = ProductDisplay;
			sourceTree = "<group>";
		};
		784798862BF0BB1800217F64 /* Cells */ = {
			isa = PBXGroup;
			children = (
				784798872BF0BB4200217F64 /* ProductDetailsTableViewCell.swift */,
			);
			path = Cells;
			sourceTree = "<group>";
		};
		784798892BF0BB7C00217F64 /* AddProduct */ = {
			isa = PBXGroup;
			children = (
				7847988A2BF0BB9700217F64 /* AddProductViewController.swift */,
			);
			path = AddProduct;
			sourceTree = "<group>";
		};
		7847988C2BF0BBE200217F64 /* ApiResponseModel */ = {
			isa = PBXGroup;
			children = (
				7847988D2BF0BC0000217F64 /* ProductDisplayResponseModel.swift */,
			);
			path = ApiResponseModel;
			sourceTree = "<group>";
		};
		A642BC278D1A21D0E6E5050D /* Pods */ = {
			isa = PBXGroup;
			children = (
				21F4AF1CFE6BBEA4270B4AD1 /* Pods-swipe_project_app.debug.xcconfig */,
				3779892B04F21BB53E4CF739 /* Pods-swipe_project_app.release.xcconfig */,
				11A34682C5A01AADB7EFCBBD /* Pods-swipe_project_app-swipe_project_appUITests.debug.xcconfig */,
				F48C46EB561656B919D1A4B5 /* Pods-swipe_project_app-swipe_project_appUITests.release.xcconfig */,
				2F3AB4E10E1AA718825A4499 /* Pods-swipe_project_appTests.debug.xcconfig */,
				0025BE52E2B622AB76D7C696 /* Pods-swipe_project_appTests.release.xcconfig */,
			);
			path = Pods;
			sourceTree = "<group>";
		};
		CA66F1ACF7B5081896B7C3C5 /* Frameworks */ = {
			isa = PBXGroup;
			children = (
				8B36B0DAFF18E3C687CADC6C /* Pods_swipe_project_app.framework */,
				2C6BF241573C0A737DF1CC12 /* Pods_swipe_project_app_swipe_project_appUITests.framework */,
				99B5629709B018905BF8B6E1 /* Pods_swipe_project_appTests.framework */,
			);
			name = Frameworks;
			sourceTree = "<group>";
		};
/* End PBXGroup section */

/* Begin PBXNativeTarget section */
		7847984B2BF0BA0600217F64 /* swipe_project_app */ = {
			isa = PBXNativeTarget;
			buildConfigurationList = 784798762BF0BA0800217F64 /* Build configuration list for PBXNativeTarget "swipe_project_app" */;
			buildPhases = (
				F61D7FD0586AF2B7EA749602 /* [CP] Check Pods Manifest.lock */,
				784798482BF0BA0600217F64 /* Sources */,
				784798492BF0BA0600217F64 /* Frameworks */,
				7847984A2BF0BA0600217F64 /* Resources */,
				D05083351C48D784D2458BB0 /* [CP] Embed Pods Frameworks */,
			);
			buildRules = (
			);
			dependencies = (
			);
			name = swipe_project_app;
			productName = swipe_project_app;
			productReference = 7847984C2BF0BA0600217F64 /* swipe_project_app.app */;
			productType = "com.apple.product-type.application";
		};
		784798612BF0BA0800217F64 /* swipe_project_appTests */ = {
			isa = PBXNativeTarget;
			buildConfigurationList = 784798792BF0BA0800217F64 /* Build configuration list for PBXNativeTarget "swipe_project_appTests" */;
			buildPhases = (
				CB98B78E62253AE69835FE8E /* [CP] Check Pods Manifest.lock */,
				7847985E2BF0BA0800217F64 /* Sources */,
				7847985F2BF0BA0800217F64 /* Frameworks */,
				784798602BF0BA0800217F64 /* Resources */,
			);
			buildRules = (
			);
			dependencies = (
				784798642BF0BA0800217F64 /* PBXTargetDependency */,
			);
			name = swipe_project_appTests;
			productName = swipe_project_appTests;
			productReference = 784798622BF0BA0800217F64 /* swipe_project_appTests.xctest */;
			productType = "com.apple.product-type.bundle.unit-test";
		};
		7847986B2BF0BA0800217F64 /* swipe_project_appUITests */ = {
			isa = PBXNativeTarget;
			buildConfigurationList = 7847987C2BF0BA0800217F64 /* Build configuration list for PBXNativeTarget "swipe_project_appUITests" */;
			buildPhases = (
				B8E96CD3063833B76DF6C082 /* [CP] Check Pods Manifest.lock */,
				784798682BF0BA0800217F64 /* Sources */,
				784798692BF0BA0800217F64 /* Frameworks */,
				7847986A2BF0BA0800217F64 /* Resources */,
				7B53FF0A92884EB5FA0D20AE /* [CP] Embed Pods Frameworks */,
			);
			buildRules = (
			);
			dependencies = (
				7847986E2BF0BA0800217F64 /* PBXTargetDependency */,
			);
			name = swipe_project_appUITests;
			productName = swipe_project_appUITests;
			productReference = 7847986C2BF0BA0800217F64 /* swipe_project_appUITests.xctest */;
			productType = "com.apple.product-type.bundle.ui-testing";
		};
/* End PBXNativeTarget section */

/* Begin PBXProject section */
		784798442BF0BA0600217F64 /* Project object */ = {
			isa = PBXProject;
			attributes = {
				BuildIndependentTargetsInParallel = 1;
				LastSwiftUpdateCheck = 1520;
				LastUpgradeCheck = 1520;
				TargetAttributes = {
					7847984B2BF0BA0600217F64 = {
						CreatedOnToolsVersion = 15.2;
					};
					784798612BF0BA0800217F64 = {
						CreatedOnToolsVersion = 15.2;
						TestTargetID = 7847984B2BF0BA0600217F64;
					};
					7847986B2BF0BA0800217F64 = {
						CreatedOnToolsVersion = 15.2;
						TestTargetID = 7847984B2BF0BA0600217F64;
					};
				};
			};
			buildConfigurationList = 784798472BF0BA0600217F64 /* Build configuration list for PBXProject "swipe_project_app" */;
			compatibilityVersion = "Xcode 14.0";
			developmentRegion = en;
			hasScannedForEncodings = 0;
			knownRegions = (
				en,
				Base,
			);
			mainGroup = 784798432BF0BA0600217F64;
			productRefGroup = 7847984D2BF0BA0600217F64 /* Products */;
			projectDirPath = "";
			projectRoot = "";
			targets = (
				7847984B2BF0BA0600217F64 /* swipe_project_app */,
				784798612BF0BA0800217F64 /* swipe_project_appTests */,
				7847986B2BF0BA0800217F64 /* swipe_project_appUITests */,
			);
		};
/* End PBXProject section */

/* Begin PBXResourcesBuildPhase section */
		7847984A2BF0BA0600217F64 /* Resources */ = {
			isa = PBXResourcesBuildPhase;
			buildActionMask = 2147483647;
			files = (
				7847985C2BF0BA0800217F64 /* LaunchScreen.storyboard in Resources */,
				784798592BF0BA0800217F64 /* Assets.xcassets in Resources */,
				784798572BF0BA0600217F64 /* Main.storyboard in Resources */,
			);
			runOnlyForDeploymentPostprocessing = 0;
		};
		784798602BF0BA0800217F64 /* Resources */ = {
			isa = PBXResourcesBuildPhase;
			buildActionMask = 2147483647;
			files = (
			);
			runOnlyForDeploymentPostprocessing = 0;
		};
		7847986A2BF0BA0800217F64 /* Resources */ = {
			isa = PBXResourcesBuildPhase;
			buildActionMask = 2147483647;
			files = (
			);
			runOnlyForDeploymentPostprocessing = 0;
		};
/* End PBXResourcesBuildPhase section */

/* Begin PBXShellScriptBuildPhase section */
		7B53FF0A92884EB5FA0D20AE /* [CP] Embed Pods Frameworks */ = {
			isa = PBXShellScriptBuildPhase;
			buildActionMask = 2147483647;
			files = (
			);
			inputFileListPaths = (
				"${PODS_ROOT}/Target Support Files/Pods-swipe_project_app-swipe_project_appUITests/Pods-swipe_project_app-swipe_project_appUITests-frameworks-${CONFIGURATION}-input-files.xcfilelist",
			);
			name = "[CP] Embed Pods Frameworks";
			outputFileListPaths = (
				"${PODS_ROOT}/Target Support Files/Pods-swipe_project_app-swipe_project_appUITests/Pods-swipe_project_app-swipe_project_appUITests-frameworks-${CONFIGURATION}-output-files.xcfilelist",
			);
			runOnlyForDeploymentPostprocessing = 0;
			shellPath = /bin/sh;
			shellScript = "\"${PODS_ROOT}/Target Support Files/Pods-swipe_project_app-swipe_project_appUITests/Pods-swipe_project_app-swipe_project_appUITests-frameworks.sh\"\n";
			showEnvVarsInLog = 0;
		};
		B8E96CD3063833B76DF6C082 /* [CP] Check Pods Manifest.lock */ = {
			isa = PBXShellScriptBuildPhase;
			buildActionMask = 2147483647;
			files = (
			);
			inputFileListPaths = (
			);
			inputPaths = (
				"${PODS_PODFILE_DIR_PATH}/Podfile.lock",
				"${PODS_ROOT}/Manifest.lock",
			);
			name = "[CP] Check Pods Manifest.lock";
			outputFileListPaths = (
			);
			outputPaths = (
				"$(DERIVED_FILE_DIR)/Pods-swipe_project_app-swipe_project_appUITests-checkManifestLockResult.txt",
			);
			runOnlyForDeploymentPostprocessing = 0;
			shellPath = /bin/sh;
			shellScript = "diff \"${PODS_PODFILE_DIR_PATH}/Podfile.lock\" \"${PODS_ROOT}/Manifest.lock\" > /dev/null\nif [ $? != 0 ] ; then\n    # print error to STDERR\n    echo \"error: The sandbox is not in sync with the Podfile.lock. Run 'pod install' or update your CocoaPods installation.\" >&2\n    exit 1\nfi\n# This output is used by Xcode 'outputs' to avoid re-running this script phase.\necho \"SUCCESS\" > \"${SCRIPT_OUTPUT_FILE_0}\"\n";
			showEnvVarsInLog = 0;
		};
		CB98B78E62253AE69835FE8E /* [CP] Check Pods Manifest.lock */ = {
			isa = PBXShellScriptBuildPhase;
			buildActionMask = 2147483647;
			files = (
			);
			inputFileListPaths = (
			);
			inputPaths = (
				"${PODS_PODFILE_DIR_PATH}/Podfile.lock",
				"${PODS_ROOT}/Manifest.lock",
			);
			name = "[CP] Check Pods Manifest.lock";
			outputFileListPaths = (
			);
			outputPaths = (
				"$(DERIVED_FILE_DIR)/Pods-swipe_project_appTests-checkManifestLockResult.txt",
			);
			runOnlyForDeploymentPostprocessing = 0;
			shellPath = /bin/sh;
			shellScript = "diff \"${PODS_PODFILE_DIR_PATH}/Podfile.lock\" \"${PODS_ROOT}/Manifest.lock\" > /dev/null\nif [ $? != 0 ] ; then\n    # print error to STDERR\n    echo \"error: The sandbox is not in sync with the Podfile.lock. Run 'pod install' or update your CocoaPods installation.\" >&2\n    exit 1\nfi\n# This output is used by Xcode 'outputs' to avoid re-running this script phase.\necho \"SUCCESS\" > \"${SCRIPT_OUTPUT_FILE_0}\"\n";
			showEnvVarsInLog = 0;
		};
		D05083351C48D784D2458BB0 /* [CP] Embed Pods Frameworks */ = {
			isa = PBXShellScriptBuildPhase;
			buildActionMask = 2147483647;
			files = (
			);
			inputFileListPaths = (
				"${PODS_ROOT}/Target Support Files/Pods-swipe_project_app/Pods-swipe_project_app-frameworks-${CONFIGURATION}-input-files.xcfilelist",
			);
			name = "[CP] Embed Pods Frameworks";
			outputFileListPaths = (
				"${PODS_ROOT}/Target Support Files/Pods-swipe_project_app/Pods-swipe_project_app-frameworks-${CONFIGURATION}-output-files.xcfilelist",
			);
			runOnlyForDeploymentPostprocessing = 0;
			shellPath = /bin/sh;
			shellScript = "\"${PODS_ROOT}/Target Support Files/Pods-swipe_project_app/Pods-swipe_project_app-frameworks.sh\"\n";
			showEnvVarsInLog = 0;
		};
		F61D7FD0586AF2B7EA749602 /* [CP] Check Pods Manifest.lock */ = {
			isa = PBXShellScriptBuildPhase;
			buildActionMask = 2147483647;
			files = (
			);
			inputFileListPaths = (
			);
			inputPaths = (
				"${PODS_PODFILE_DIR_PATH}/Podfile.lock",
				"${PODS_ROOT}/Manifest.lock",
			);
			name = "[CP] Check Pods Manifest.lock";
			outputFileListPaths = (
			);
			outputPaths = (
				"$(DERIVED_FILE_DIR)/Pods-swipe_project_app-checkManifestLockResult.txt",
			);
			runOnlyForDeploymentPostprocessing = 0;
			shellPath = /bin/sh;
			shellScript = "diff \"${PODS_PODFILE_DIR_PATH}/Podfile.lock\" \"${PODS_ROOT}/Manifest.lock\" > /dev/null\nif [ $? != 0 ] ; then\n    # print error to STDERR\n    echo \"error: The sandbox is not in sync with the Podfile.lock. Run 'pod install' or update your CocoaPods installation.\" >&2\n    exit 1\nfi\n# This output is used by Xcode 'outputs' to avoid re-running this script phase.\necho \"SUCCESS\" > \"${SCRIPT_OUTPUT_FILE_0}\"\n";
			showEnvVarsInLog = 0;
		};
/* End PBXShellScriptBuildPhase section */

/* Begin PBXSourcesBuildPhase section */
		784798482BF0BA0600217F64 /* Sources */ = {
			isa = PBXSourcesBuildPhase;
			buildActionMask = 2147483647;
			files = (
				784798832BF0BABE00217F64 /* ProductDisplayTableViewExtension.swift in Sources */,
				7847988E2BF0BC0000217F64 /* ProductDisplayResponseModel.swift in Sources */,
				7847988B2BF0BB9700217F64 /* AddProductViewController.swift in Sources */,
				784798802BF0BA7100217F64 /* ProductDisplayViewController.swift in Sources */,
				784798502BF0BA0600217F64 /* AppDelegate.swift in Sources */,
				784798852BF0BAF600217F64 /* ProductDisplaySearchExtension.swift in Sources */,
				784798882BF0BB4200217F64 /* ProductDetailsTableViewCell.swift in Sources */,
				784798522BF0BA0600217F64 /* SceneDelegate.swift in Sources */,
			);
			runOnlyForDeploymentPostprocessing = 0;
		};
		7847985E2BF0BA0800217F64 /* Sources */ = {
			isa = PBXSourcesBuildPhase;
			buildActionMask = 2147483647;
			files = (
				784798672BF0BA0800217F64 /* swipe_project_appTests.swift in Sources */,
			);
			runOnlyForDeploymentPostprocessing = 0;
		};
		784798682BF0BA0800217F64 /* Sources */ = {
			isa = PBXSourcesBuildPhase;
			buildActionMask = 2147483647;
			files = (
				784798712BF0BA0800217F64 /* swipe_project_appUITests.swift in Sources */,
				784798732BF0BA0800217F64 /* swipe_project_appUITestsLaunchTests.swift in Sources */,
			);
			runOnlyForDeploymentPostprocessing = 0;
		};
/* End PBXSourcesBuildPhase section */

/* Begin PBXTargetDependency section */
		784798642BF0BA0800217F64 /* PBXTargetDependency */ = {
			isa = PBXTargetDependency;
			target = 7847984B2BF0BA0600217F64 /* swipe_project_app */;
			targetProxy = 784798632BF0BA0800217F64 /* PBXContainerItemProxy */;
		};
		7847986E2BF0BA0800217F64 /* PBXTargetDependency */ = {
			isa = PBXTargetDependency;
			target = 7847984B2BF0BA0600217F64 /* swipe_project_app */;
			targetProxy = 7847986D2BF0BA0800217F64 /* PBXContainerItemProxy */;
		};
/* End PBXTargetDependency section */

/* Begin PBXVariantGroup section */
		784798552BF0BA0600217F64 /* Main.storyboard */ = {
			isa = PBXVariantGroup;
			children = (
				784798562BF0BA0600217F64 /* Base */,
			);
			name = Main.storyboard;
			sourceTree = "<group>";
		};
		7847985A2BF0BA0800217F64 /* LaunchScreen.storyboard */ = {
			isa = PBXVariantGroup;
			children = (
				7847985B2BF0BA0800217F64 /* Base */,
			);
			name = LaunchScreen.storyboard;
			sourceTree = "<group>";
		};
/* End PBXVariantGroup section */

/* Begin XCBuildConfiguration section */
		784798742BF0BA0800217F64 /* Debug */ = {
			isa = XCBuildConfiguration;
			buildSettings = {
				ALWAYS_SEARCH_USER_PATHS = NO;
				ASSETCATALOG_COMPILER_GENERATE_SWIFT_ASSET_SYMBOL_EXTENSIONS = YES;
				CLANG_ANALYZER_NONNULL = YES;
				CLANG_ANALYZER_NUMBER_OBJECT_CONVERSION = YES_AGGRESSIVE;
				CLANG_CXX_LANGUAGE_STANDARD = "gnu++20";
				CLANG_ENABLE_MODULES = YES;
				CLANG_ENABLE_OBJC_ARC = YES;
				CLANG_ENABLE_OBJC_WEAK = YES;
				CLANG_WARN_BLOCK_CAPTURE_AUTORELEASING = YES;
				CLANG_WARN_BOOL_CONVERSION = YES;
				CLANG_WARN_COMMA = YES;
				CLANG_WARN_CONSTANT_CONVERSION = YES;
				CLANG_WARN_DEPRECATED_OBJC_IMPLEMENTATIONS = YES;
				CLANG_WARN_DIRECT_OBJC_ISA_USAGE = YES_ERROR;
				CLANG_WARN_DOCUMENTATION_COMMENTS = YES;
				CLANG_WARN_EMPTY_BODY = YES;
				CLANG_WARN_ENUM_CONVERSION = YES;
				CLANG_WARN_INFINITE_RECURSION = YES;
				CLANG_WARN_INT_CONVERSION = YES;
				CLANG_WARN_NON_LITERAL_NULL_CONVERSION = YES;
				CLANG_WARN_OBJC_IMPLICIT_RETAIN_SELF = YES;
				CLANG_WARN_OBJC_LITERAL_CONVERSION = YES;
				CLANG_WARN_OBJC_ROOT_CLASS = YES_ERROR;
				CLANG_WARN_QUOTED_INCLUDE_IN_FRAMEWORK_HEADER = YES;
				CLANG_WARN_RANGE_LOOP_ANALYSIS = YES;
				CLANG_WARN_STRICT_PROTOTYPES = YES;
				CLANG_WARN_SUSPICIOUS_MOVE = YES;
				CLANG_WARN_UNGUARDED_AVAILABILITY = YES_AGGRESSIVE;
				CLANG_WARN_UNREACHABLE_CODE = YES;
				CLANG_WARN__DUPLICATE_METHOD_MATCH = YES;
				COPY_PHASE_STRIP = NO;
				DEBUG_INFORMATION_FORMAT = dwarf;
				ENABLE_STRICT_OBJC_MSGSEND = YES;
				ENABLE_TESTABILITY = YES;
				ENABLE_USER_SCRIPT_SANDBOXING = NO;
				GCC_C_LANGUAGE_STANDARD = gnu17;
				GCC_DYNAMIC_NO_PIC = NO;
				GCC_NO_COMMON_BLOCKS = YES;
				GCC_OPTIMIZATION_LEVEL = 0;
				GCC_PREPROCESSOR_DEFINITIONS = (
					"DEBUG=1",
					"$(inherited)",
				);
				GCC_WARN_64_TO_32_BIT_CONVERSION = YES;
				GCC_WARN_ABOUT_RETURN_TYPE = YES_ERROR;
				GCC_WARN_UNDECLARED_SELECTOR = YES;
				GCC_WARN_UNINITIALIZED_AUTOS = YES_AGGRESSIVE;
				GCC_WARN_UNUSED_FUNCTION = YES;
				GCC_WARN_UNUSED_VARIABLE = YES;
				IPHONEOS_DEPLOYMENT_TARGET = 17.2;
				LOCALIZATION_PREFERS_STRING_CATALOGS = YES;
				MTL_ENABLE_DEBUG_INFO = INCLUDE_SOURCE;
				MTL_FAST_MATH = YES;
				ONLY_ACTIVE_ARCH = YES;
				SDKROOT = iphoneos;
				SWIFT_ACTIVE_COMPILATION_CONDITIONS = "DEBUG $(inherited)";
				SWIFT_OPTIMIZATION_LEVEL = "-Onone";
			};
			name = Debug;
		};
		784798752BF0BA0800217F64 /* Release */ = {
			isa = XCBuildConfiguration;
			buildSettings = {
				ALWAYS_SEARCH_USER_PATHS = NO;
				ASSETCATALOG_COMPILER_GENERATE_SWIFT_ASSET_SYMBOL_EXTENSIONS = YES;
				CLANG_ANALYZER_NONNULL = YES;
				CLANG_ANALYZER_NUMBER_OBJECT_CONVERSION = YES_AGGRESSIVE;
				CLANG_CXX_LANGUAGE_STANDARD = "gnu++20";
				CLANG_ENABLE_MODULES = YES;
				CLANG_ENABLE_OBJC_ARC = YES;
				CLANG_ENABLE_OBJC_WEAK = YES;
				CLANG_WARN_BLOCK_CAPTURE_AUTORELEASING = YES;
				CLANG_WARN_BOOL_CONVERSION = YES;
				CLANG_WARN_COMMA = YES;
				CLANG_WARN_CONSTANT_CONVERSION = YES;
				CLANG_WARN_DEPRECATED_OBJC_IMPLEMENTATIONS = YES;
				CLANG_WARN_DIRECT_OBJC_ISA_USAGE = YES_ERROR;
				CLANG_WARN_DOCUMENTATION_COMMENTS = YES;
				CLANG_WARN_EMPTY_BODY = YES;
				CLANG_WARN_ENUM_CONVERSION = YES;
				CLANG_WARN_INFINITE_RECURSION = YES;
				CLANG_WARN_INT_CONVERSION = YES;
				CLANG_WARN_NON_LITERAL_NULL_CONVERSION = YES;
				CLANG_WARN_OBJC_IMPLICIT_RETAIN_SELF = YES;
				CLANG_WARN_OBJC_LITERAL_CONVERSION = YES;
				CLANG_WARN_OBJC_ROOT_CLASS = YES_ERROR;
				CLANG_WARN_QUOTED_INCLUDE_IN_FRAMEWORK_HEADER = YES;
				CLANG_WARN_RANGE_LOOP_ANALYSIS = YES;
				CLANG_WARN_STRICT_PROTOTYPES = YES;
				CLANG_WARN_SUSPICIOUS_MOVE = YES;
				CLANG_WARN_UNGUARDED_AVAILABILITY = YES_AGGRESSIVE;
				CLANG_WARN_UNREACHABLE_CODE = YES;
				CLANG_WARN__DUPLICATE_METHOD_MATCH = YES;
				COPY_PHASE_STRIP = NO;
				DEBUG_INFORMATION_FORMAT = "dwarf-with-dsym";
				ENABLE_NS_ASSERTIONS = NO;
				ENABLE_STRICT_OBJC_MSGSEND = YES;
				ENABLE_USER_SCRIPT_SANDBOXING = NO;
				GCC_C_LANGUAGE_STANDARD = gnu17;
				GCC_NO_COMMON_BLOCKS = YES;
				GCC_WARN_64_TO_32_BIT_CONVERSION = YES;
				GCC_WARN_ABOUT_RETURN_TYPE = YES_ERROR;
				GCC_WARN_UNDECLARED_SELECTOR = YES;
				GCC_WARN_UNINITIALIZED_AUTOS = YES_AGGRESSIVE;
				GCC_WARN_UNUSED_FUNCTION = YES;
				GCC_WARN_UNUSED_VARIABLE = YES;
				IPHONEOS_DEPLOYMENT_TARGET = 17.2;
				LOCALIZATION_PREFERS_STRING_CATALOGS = YES;
				MTL_ENABLE_DEBUG_INFO = NO;
				MTL_FAST_MATH = YES;
				SDKROOT = iphoneos;
				SWIFT_COMPILATION_MODE = wholemodule;
				VALIDATE_PRODUCT = YES;
			};
			name = Release;
		};
		784798772BF0BA0800217F64 /* Debug */ = {
			isa = XCBuildConfiguration;
			baseConfigurationReference = 21F4AF1CFE6BBEA4270B4AD1 /* Pods-swipe_project_app.debug.xcconfig */;
			buildSettings = {
				ASSETCATALOG_COMPILER_APPICON_NAME = AppIcon;
				ASSETCATALOG_COMPILER_GLOBAL_ACCENT_COLOR_NAME = AccentColor;
				CODE_SIGN_STYLE = Automatic;
				CURRENT_PROJECT_VERSION = 1;
				DEVELOPMENT_TEAM = H8K9F4LN8W;
				GENERATE_INFOPLIST_FILE = YES;
				INFOPLIST_FILE = swipe_project_app/Info.plist;
				INFOPLIST_KEY_UIApplicationSupportsIndirectInputEvents = YES;
				INFOPLIST_KEY_UILaunchStoryboardName = LaunchScreen;
				INFOPLIST_KEY_UIMainStoryboardFile = Main;
				INFOPLIST_KEY_UISupportedInterfaceOrientations_iPad = "UIInterfaceOrientationPortrait UIInterfaceOrientationPortraitUpsideDown UIInterfaceOrientationLandscapeLeft UIInterfaceOrientationLandscapeRight";
				INFOPLIST_KEY_UISupportedInterfaceOrientations_iPhone = "UIInterfaceOrientationPortrait UIInterfaceOrientationLandscapeLeft UIInterfaceOrientationLandscapeRight";
				LD_RUNPATH_SEARCH_PATHS = (
					"$(inherited)",
					"@executable_path/Frameworks",
				);
				MARKETING_VERSION = 1.0;
				PRODUCT_BUNDLE_IDENTIFIER = "com.swejan.xibExample.swipe-project-app";
				PRODUCT_NAME = "$(TARGET_NAME)";
				SWIFT_EMIT_LOC_STRINGS = YES;
				SWIFT_VERSION = 5.0;
				TARGETED_DEVICE_FAMILY = "1,2";
			};
			name = Debug;
		};
		784798782BF0BA0800217F64 /* Release */ = {
			isa = XCBuildConfiguration;
			baseConfigurationReference = 3779892B04F21BB53E4CF739 /* Pods-swipe_project_app.release.xcconfig */;
			buildSettings = {
				ASSETCATALOG_COMPILER_APPICON_NAME = AppIcon;
				ASSETCATALOG_COMPILER_GLOBAL_ACCENT_COLOR_NAME = AccentColor;
				CODE_SIGN_STYLE = Automatic;
				CURRENT_PROJECT_VERSION = 1;
				DEVELOPMENT_TEAM = H8K9F4LN8W;
				GENERATE_INFOPLIST_FILE = YES;
				INFOPLIST_FILE = swipe_project_app/Info.plist;
				INFOPLIST_KEY_UIApplicationSupportsIndirectInputEvents = YES;
				INFOPLIST_KEY_UILaunchStoryboardName = LaunchScreen;
				INFOPLIST_KEY_UIMainStoryboardFile = Main;
				INFOPLIST_KEY_UISupportedInterfaceOrientations_iPad = "UIInterfaceOrientationPortrait UIInterfaceOrientationPortraitUpsideDown UIInterfaceOrientationLandscapeLeft UIInterfaceOrientationLandscapeRight";
				INFOPLIST_KEY_UISupportedInterfaceOrientations_iPhone = "UIInterfaceOrientationPortrait UIInterfaceOrientationLandscapeLeft UIInterfaceOrientationLandscapeRight";
				LD_RUNPATH_SEARCH_PATHS = (
					"$(inherited)",
					"@executable_path/Frameworks",
				);
				MARKETING_VERSION = 1.0;
				PRODUCT_BUNDLE_IDENTIFIER = "com.swejan.xibExample.swipe-project-app";
				PRODUCT_NAME = "$(TARGET_NAME)";
				SWIFT_EMIT_LOC_STRINGS = YES;
				SWIFT_VERSION = 5.0;
				TARGETED_DEVICE_FAMILY = "1,2";
			};
			name = Release;
		};
		7847987A2BF0BA0800217F64 /* Debug */ = {
			isa = XCBuildConfiguration;
			baseConfigurationReference = 2F3AB4E10E1AA718825A4499 /* Pods-swipe_project_appTests.debug.xcconfig */;
			buildSettings = {
				ALWAYS_EMBED_SWIFT_STANDARD_LIBRARIES = YES;
				BUNDLE_LOADER = "$(TEST_HOST)";
				CODE_SIGN_STYLE = Automatic;
				CURRENT_PROJECT_VERSION = 1;
				DEVELOPMENT_TEAM = H8K9F4LN8W;
				GENERATE_INFOPLIST_FILE = YES;
				IPHONEOS_DEPLOYMENT_TARGET = 17.2;
				MARKETING_VERSION = 1.0;
				PRODUCT_BUNDLE_IDENTIFIER = "com.swejan.xibExample.swipe-project-appTests";
				PRODUCT_NAME = "$(TARGET_NAME)";
				SWIFT_EMIT_LOC_STRINGS = NO;
				SWIFT_VERSION = 5.0;
				TARGETED_DEVICE_FAMILY = "1,2";
				TEST_HOST = "$(BUILT_PRODUCTS_DIR)/swipe_project_app.app/$(BUNDLE_EXECUTABLE_FOLDER_PATH)/swipe_project_app";
			};
			name = Debug;
		};
		7847987B2BF0BA0800217F64 /* Release */ = {
			isa = XCBuildConfiguration;
			baseConfigurationReference = 0025BE52E2B622AB76D7C696 /* Pods-swipe_project_appTests.release.xcconfig */;
			buildSettings = {
				ALWAYS_EMBED_SWIFT_STANDARD_LIBRARIES = YES;
				BUNDLE_LOADER = "$(TEST_HOST)";
				CODE_SIGN_STYLE = Automatic;
				CURRENT_PROJECT_VERSION = 1;
				DEVELOPMENT_TEAM = H8K9F4LN8W;
				GENERATE_INFOPLIST_FILE = YES;
				IPHONEOS_DEPLOYMENT_TARGET = 17.2;
				MARKETING_VERSION = 1.0;
				PRODUCT_BUNDLE_IDENTIFIER = "com.swejan.xibExample.swipe-project-appTests";
				PRODUCT_NAME = "$(TARGET_NAME)";
				SWIFT_EMIT_LOC_STRINGS = NO;
				SWIFT_VERSION = 5.0;
				TARGETED_DEVICE_FAMILY = "1,2";
				TEST_HOST = "$(BUILT_PRODUCTS_DIR)/swipe_project_app.app/$(BUNDLE_EXECUTABLE_FOLDER_PATH)/swipe_project_app";
			};
			name = Release;
		};
		7847987D2BF0BA0800217F64 /* Debug */ = {
			isa = XCBuildConfiguration;
			baseConfigurationReference = 11A34682C5A01AADB7EFCBBD /* Pods-swipe_project_app-swipe_project_appUITests.debug.xcconfig */;
			buildSettings = {
				ALWAYS_EMBED_SWIFT_STANDARD_LIBRARIES = YES;
				CODE_SIGN_STYLE = Automatic;
				CURRENT_PROJECT_VERSION = 1;
				DEVELOPMENT_TEAM = H8K9F4LN8W;
				GENERATE_INFOPLIST_FILE = YES;
				MARKETING_VERSION = 1.0;
				PRODUCT_BUNDLE_IDENTIFIER = "com.swejan.xibExample.swipe-project-appUITests";
				PRODUCT_NAME = "$(TARGET_NAME)";
				SWIFT_EMIT_LOC_STRINGS = NO;
				SWIFT_VERSION = 5.0;
				TARGETED_DEVICE_FAMILY = "1,2";
				TEST_TARGET_NAME = swipe_project_app;
			};
			name = Debug;
		};
		7847987E2BF0BA0800217F64 /* Release */ = {
			isa = XCBuildConfiguration;
			baseConfigurationReference = F48C46EB561656B919D1A4B5 /* Pods-swipe_project_app-swipe_project_appUITests.release.xcconfig */;
			buildSettings = {
				ALWAYS_EMBED_SWIFT_STANDARD_LIBRARIES = YES;
				CODE_SIGN_STYLE = Automatic;
				CURRENT_PROJECT_VERSION = 1;
				DEVELOPMENT_TEAM = H8K9F4LN8W;
				GENERATE_INFOPLIST_FILE = YES;
				MARKETING_VERSION = 1.0;
				PRODUCT_BUNDLE_IDENTIFIER = "com.swejan.xibExample.swipe-project-appUITests";
				PRODUCT_NAME = "$(TARGET_NAME)";
				SWIFT_EMIT_LOC_STRINGS = NO;
				SWIFT_VERSION = 5.0;
				TARGETED_DEVICE_FAMILY = "1,2";
				TEST_TARGET_NAME = swipe_project_app;
			};
			name = Release;
		};
/* End XCBuildConfiguration section */

/* Begin XCConfigurationList section */
		784798472BF0BA0600217F64 /* Build configuration list for PBXProject "swipe_project_app" */ = {
			isa = XCConfigurationList;
			buildConfigurations = (
				784798742BF0BA0800217F64 /* Debug */,
				784798752BF0BA0800217F64 /* Release */,
			);
			defaultConfigurationIsVisible = 0;
			defaultConfigurationName = Release;
		};
		784798762BF0BA0800217F64 /* Build configuration list for PBXNativeTarget "swipe_project_app" */ = {
			isa = XCConfigurationList;
			buildConfigurations = (
				784798772BF0BA0800217F64 /* Debug */,
				784798782BF0BA0800217F64 /* Release */,
			);
			defaultConfigurationIsVisible = 0;
			defaultConfigurationName = Release;
		};
		784798792BF0BA0800217F64 /* Build configuration list for PBXNativeTarget "swipe_project_appTests" */ = {
			isa = XCConfigurationList;
			buildConfigurations = (
				7847987A2BF0BA0800217F64 /* Debug */,
				7847987B2BF0BA0800217F64 /* Release */,
			);
			defaultConfigurationIsVisible = 0;
			defaultConfigurationName = Release;
		};
		7847987C2BF0BA0800217F64 /* Build configuration list for PBXNativeTarget "swipe_project_appUITests" */ = {
			isa = XCConfigurationList;
			buildConfigurations = (
				7847987D2BF0BA0800217F64 /* Debug */,
				7847987E2BF0BA0800217F64 /* Release */,
			);
			defaultConfigurationIsVisible = 0;
			defaultConfigurationName = Release;
		};
/* End XCConfigurationList section */
	};
	rootObject = 784798442BF0BA0600217F64 /* Project object */;
}
